
Microsoft Visual Studio Solution File, Format Version 12.00
# Visual Studio Version 17
VisualStudioVersion = 17.0.32014.148
MinimumVisualStudioVersion = 10.0.40219.1
Project("{FAE04EC0-301F-11D3-BF4B-00C04F79EFBC}") = "WorkWithFolders", "WorkWithFolders\WorkWithFolders.csproj", "{B712FBA0-6891-46EE-9E03-E68657960E4A}"
EndProject
Global
	GlobalSection(SolutionConfigurationPlatforms) = preSolution
		Debug|Any CPU = Debug|Any CPU
		Release|Any CPU = Release|Any CPU
	EndGlobalSection
	GlobalSection(ProjectConfigurationPlatforms) = postSolution
		{B712FBA0-6891-46EE-9E03-E68657960E4A}.Debug|Any CPU.ActiveCfg = Debug|Any CPU
		{B712FBA0-6891-46EE-9E03-E68657960E4A}.Debug|Any CPU.Build.0 = Debug|Any CPU
		{B712FBA0-6891-46EE-9E03-E68657960E4A}.Release|Any CPU.ActiveCfg = Release|Any CPU
		{B712FBA0-6891-46EE-9E03-E68657960E4A}.Release|Any CPU.Build.0 = Release|Any CPU
	EndGlobalSection
	GlobalSection(SolutionProperties) = preSolution
		HideSolutionNode = FALSE
	EndGlobalSection
	GlobalSection(ExtensibilityGlobals) = postSolution
		SolutionGuid = {1512F845-0A64-402C-8D67-2BB298A2E1F8}
	EndGlobalSection
EndGlobal
